// !$*UTF8*$!
{
	archiveVersion = 1;
	classes = {
	};
	objectVersion = 63;
	objects = {

/* Begin PBXBuildFile section */
		AD9430D03031D7B00078177D /* LoadingView.swift in Sources */ = {isa = PBXBuildFile; fileRef = AD9430CF3031D7B00078177D /* LoadingView.swift */; };
		AD9430D13031D7B00078177D /* EmptyView.swift in Sources */ = {isa = PBXBuildFile; fileRef = AD9430CE3031D7B00078177D /* EmptyView.swift */; };
		ADA1A81D3031BACE00A1995C /* CryptoCoinElementView.swift in Sources */ = {isa = PBXBuildFile; fileRef = ADA1A81C3031BACE00A1995C /* CryptoCoinElementView.swift */; };
		ADB4814E302F266400ED3D84 /* CryptoCoinsListViewModelAdapter.swift in Sources */ = {isa = PBXBuildFile; fileRef = ADB4814D302F265900ED3D84 /* CryptoCoinsListViewModelAdapter.swift */; };
		ADB48151302F2B8E00ED3D84 /* FilterChipView.swift in Sources */ = {isa = PBXBuildFile; fileRef = ADB4814F302F2B8E00ED3D84 /* FilterChipView.swift */; };
		ADB48155302F312800ED3D84 /* Localizable.strings in Resources */ = {isa = PBXBuildFile; fileRef = ADB48152302F312800ED3D84 /* Localizable.strings */; };
		ADB48156302F312800ED3D84 /* AppTheme.swift in Sources */ = {isa = PBXBuildFile; fileRef = ADB48153302F312800ED3D84 /* AppTheme.swift */; };
		ADB48159302F334C00ED3D84 /* CryptoCoinsListView.swift in Sources */ = {isa = PBXBuildFile; fileRef = ADB48157302F334C00ED3D84 /* CryptoCoinsListView.swift */; };
		ADE68913302F19620025E01F /* Assets.xcassets in Resources */ = {isa = PBXBuildFile; fileRef = ADE6890F302F19620025E01F /* Assets.xcassets */; };
		ADE68914302F19620025E01F /* ContentView.swift in Sources */ = {isa = PBXBuildFile; fileRef = ADE68910302F19620025E01F /* ContentView.swift */; };
		ADE68915302F19620025E01F /* CriptoCoinsApp.swift in Sources */ = {isa = PBXBuildFile; fileRef = ADE68911302F19620025E01F /* CriptoCoinsApp.swift */; };
		ADE68918302F1C6C0025E01F /* SharedApp.xcframework in Frameworks */ = {isa = PBXBuildFile; fileRef = ADE68917302F1C6C0025E01F /* SharedApp.xcframework */; };
		ADE68919302F1C6C0025E01F /* SharedApp.xcframework in Embed Frameworks */ = {isa = PBXBuildFile; fileRef = ADE68917302F1C6C0025E01F /* SharedApp.xcframework */; settings = {ATTRIBUTES = (CodeSignOnCopy, RemoveHeadersOnCopy, ); }; };
/* End PBXBuildFile section */

/* Begin PBXCopyFilesBuildPhase section */
		ADE6891A302F1C6C0025E01F /* Embed Frameworks */ = {
			isa = PBXCopyFilesBuildPhase;
			buildActionMask = 2147483647;
			dstPath = "";
			dstSubfolderSpec = 10;
			files = (
				ADE68919302F1C6C0025E01F /* SharedApp.xcframework in Embed Frameworks */,
			);
			name = "Embed Frameworks";
			runOnlyForDeploymentPostprocessing = 0;
		};
/* End PBXCopyFilesBuildPhase section */

/* Begin PBXFileReference section */
		AD9430CE3031D7B00078177D /* EmptyView.swift */ = {isa = PBXFileReference; lastKnownFileType = sourcecode.swift; path = EmptyView.swift; sourceTree = "<group>"; };
		AD9430CF3031D7B00078177D /* LoadingView.swift */ = {isa = PBXFileReference; lastKnownFileType = sourcecode.swift; path = LoadingView.swift; sourceTree = "<group>"; };
		ADA1A81C3031BACE00A1995C /* CryptoCoinElementView.swift */ = {isa = PBXFileReference; lastKnownFileType = sourcecode.swift; path = CryptoCoinElementView.swift; sourceTree = "<group>"; };
		ADB4814D302F265900ED3D84 /* CryptoCoinsListViewModelAdapter.swift */ = {isa = PBXFileReference; lastKnownFileType = sourcecode.swift; path = CryptoCoinsListViewModelAdapter.swift; sourceTree = "<group>"; };
		ADB4814F302F2B8E00ED3D84 /* FilterChipView.swift */ = {isa = PBXFileReference; lastKnownFileType = sourcecode.swift; path = FilterChipView.swift; sourceTree = "<group>"; };
		ADB48152302F312800ED3D84 /* Localizable.strings */ = {isa = PBXFileReference; lastKnownFileType = text.plist.strings; path = Localizable.strings; sourceTree = "<group>"; };
		ADB48153302F312800ED3D84 /* AppTheme.swift */ = {isa = PBXFileReference; lastKnownFileType = sourcecode.swift; path = AppTheme.swift; sourceTree = "<group>"; };
		ADB48157302F334C00ED3D84 /* CryptoCoinsListView.swift */ = {isa = PBXFileReference; lastKnownFileType = sourcecode.swift; path = CryptoCoinsListView.swift; sourceTree = "<group>"; };
		ADE68900302F15920025E01F /* iosApp.app */ = {isa = PBXFileReference; explicitFileType = wrapper.application; includeInIndex = 0; path = iosApp.app; sourceTree = BUILT_PRODUCTS_DIR; };
		ADE6890F302F19620025E01F /* Assets.xcassets */ = {isa = PBXFileReference; lastKnownFileType = folder.assetcatalog; path = Assets.xcassets; sourceTree = "<group>"; };
		ADE68910302F19620025E01F /* ContentView.swift */ = {isa = PBXFileReference; lastKnownFileType = sourcecode.swift; path = ContentView.swift; sourceTree = "<group>"; };
		ADE68911302F19620025E01F /* CriptoCoinsApp.swift */ = {isa = PBXFileReference; lastKnownFileType = sourcecode.swift; path = CriptoCoinsApp.swift; sourceTree = "<group>"; };
		ADE68917302F1C6C0025E01F /* SharedApp.xcframework */ = {isa = PBXFileReference; lastKnownFileType = wrapper.xcframework; name = SharedApp.xcframework; path = ../app/build/XCFrameworks/debug/SharedApp.xcframework; sourceTree = "<group>"; };
/* End PBXFileReference section */

/* Begin PBXFrameworksBuildPhase section */
		ADE688FD302F15910025E01F /* Frameworks */ = {
			isa = PBXFrameworksBuildPhase;
			buildActionMask = 2147483647;
			files = (
				ADE68918302F1C6C0025E01F /* SharedApp.xcframework in Frameworks */,
			);
			runOnlyForDeploymentPostprocessing = 0;
		};
/* End PBXFrameworksBuildPhase section */

/* Begin PBXGroup section */
		ADB4814C302F265300ED3D84 /* adapter */ = {
			isa = PBXGroup;
			children = (
				ADB4814D302F265900ED3D84 /* CryptoCoinsListViewModelAdapter.swift */,
			);
			path = adapter;
			sourceTree = "<group>";
		};
		ADB48150302F2B8E00ED3D84 /* components */ = {
			isa = PBXGroup;
			children = (
				ADB4814F302F2B8E00ED3D84 /* FilterChipView.swift */,
				ADA1A81C3031BACE00A1995C /* CryptoCoinElementView.swift */,
			);
			path = components;
			sourceTree = "<group>";
		};
		ADB48154302F312800ED3D84 /* theme */ = {
			isa = PBXGroup;
			children = (
				ADB48153302F312800ED3D84 /* AppTheme.swift */,
			);
			path = theme;
			sourceTree = "<group>";
		};
		ADB48158302F334C00ED3D84 /* screens */ = {
			isa = PBXGroup;
			children = (
				AD9430CE3031D7B00078177D /* EmptyView.swift */,
				AD9430CF3031D7B00078177D /* LoadingView.swift */,
				ADB48157302F334C00ED3D84 /* CryptoCoinsListView.swift */,
			);
			path = screens;
			sourceTree = "<group>";
		};
		ADE688F7302F15910025E01F = {
			isa = PBXGroup;
			children = (
				ADE68912302F19620025E01F /* iosApp */,
				ADE68916302F1C6C0025E01F /* Frameworks */,
				ADE68901302F15920025E01F /* Products */,
			);
			sourceTree = "<group>";
		};
		ADE68901302F15920025E01F /* Products */ = {
			isa = PBXGroup;
			children = (
				ADE68900302F15920025E01F /* iosApp.app */,
			);
			name = Products;
			sourceTree = "<group>";
		};
		ADE68912302F19620025E01F /* iosApp */ = {
			isa = PBXGroup;
			children = (
				ADB48158302F334C00ED3D84 /* screens */,
				ADB48152302F312800ED3D84 /* Localizable.strings */,
				ADB48154302F312800ED3D84 /* theme */,
				ADB48150302F2B8E00ED3D84 /* components */,
				ADB4814C302F265300ED3D84 /* adapter */,
				ADE6890F302F19620025E01F /* Assets.xcassets */,
				ADE68910302F19620025E01F /* ContentView.swift */,
				ADE68911302F19620025E01F /* CriptoCoinsApp.swift */,
			);
			path = iosApp;
			sourceTree = "<group>";
		};
		ADE68916302F1C6C0025E01F /* Frameworks */ = {
			isa = PBXGroup;
			children = (
				ADE68917302F1C6C0025E01F /* SharedApp.xcframework */,
			);
			name = Frameworks;
			sourceTree = "<group>";
		};
/* End PBXGroup section */

/* Begin PBXNativeTarget section */
		ADE688FF302F15910025E01F /* iosApp */ = {
			isa = PBXNativeTarget;
			buildConfigurationList = ADE6890B302F15920025E01F /* Build configuration list for PBXNativeTarget "iosApp" */;
			buildPhases = (
				ADE6890E302F15A40025E01F /* Compile Kotlin Framework */,
				ADE688FC302F15910025E01F /* Sources */,
				ADE688FD302F15910025E01F /* Frameworks */,
				ADE688FE302F15910025E01F /* Resources */,
				ADE6891A302F1C6C0025E01F /* Embed Frameworks */,
			);
			buildRules = (
			);
			dependencies = (
			);
			name = iosApp;
			packageProductDependencies = (
			);
			productName = iosApp;
			productReference = ADE68900302F15920025E01F /* iosApp.app */;
			productType = "com.apple.product-type.application";
		};
/* End PBXNativeTarget section */

/* Begin PBXProject section */
		ADE688F8302F15910025E01F /* Project object */ = {
			isa = PBXProject;
			attributes = {
				BuildIndependentTargetsInParallel = 1;
				LastSwiftUpdateCheck = 2660;
				LastUpgradeCheck = 2660;
				TargetAttributes = {
					ADE688FF302F15910025E01F = {
						CreatedOnToolsVersion = 26.6;
					};
				};
			};
			buildConfigurationList = ADE688FB302F15910025E01F /* Build configuration list for PBXProject "iosApp" */;
			compatibilityVersion = "Xcode 15.0";
			developmentRegion = en;
			hasScannedForEncodings = 0;
			knownRegions = (
				en,
				Base,
			);
			mainGroup = ADE688F7302F15910025E01F;
			minimizedProjectReferenceProxies = 1;
			productRefGroup = ADE68901302F15920025E01F /* Products */;
			projectDirPath = "";
			projectRoot = "";
			targets = (
				ADE688FF302F15910025E01F /* iosApp */,
			);
		};
/* End PBXProject section */

/* Begin PBXResourcesBuildPhase section */
		ADE688FE302F15910025E01F /* Resources */ = {
			isa = PBXResourcesBuildPhase;
			buildActionMask = 2147483647;
			files = (
				ADE68913302F19620025E01F /* Assets.xcassets in Resources */,
				ADB48155302F312800ED3D84 /* Localizable.strings in Resources */,
			);
			runOnlyForDeploymentPostprocessing = 0;
		};
/* End PBXResourcesBuildPhase section */

/* Begin PBXShellScriptBuildPhase section */
		ADE6890E302F15A40025E01F /* Compile Kotlin Framework */ = {
			isa = PBXShellScriptBuildPhase;
			alwaysOutOfDate = 1;
			buildActionMask = 2147483647;
			files = (
			);
			inputFileListPaths = (
			);
			inputPaths = (
			);
			name = "Compile Kotlin Framework";
			outputFileListPaths = (
			);
			outputPaths = (
			);
			runOnlyForDeploymentPostprocessing = 0;
			shellPath = /bin/sh;
			shellScript = "# Type a script or drag a script file from your workspace to insert its path.\ncd \"$SRCROOT/..\"\n./gradlew :app:assembleSharedAppDebugXCFramework\n";
		};
/* End PBXShellScriptBuildPhase section */

/* Begin PBXSourcesBuildPhase section */
		ADE688FC302F15910025E01F /* Sources */ = {
			isa = PBXSourcesBuildPhase;
			buildActionMask = 2147483647;
			files = (
				ADB48151302F2B8E00ED3D84 /* FilterChipView.swift in Sources */,
				AD9430D03031D7B00078177D /* LoadingView.swift in Sources */,
				AD9430D13031D7B00078177D /* EmptyView.swift in Sources */,
				ADB4814E302F266400ED3D84 /* CryptoCoinsListViewModelAdapter.swift in Sources */,
				ADB48159302F334C00ED3D84 /* CryptoCoinsListView.swift in Sources */,
				ADA1A81D3031BACE00A1995C /* CryptoCoinElementView.swift in Sources */,
				ADE68914302F19620025E01F /* ContentView.swift in Sources */,
				ADE68915302F19620025E01F /* CriptoCoinsApp.swift in Sources */,
				ADB48156302F312800ED3D84 /* AppTheme.swift in Sources */,
			);
			runOnlyForDeploymentPostprocessing = 0;
		};
/* End PBXSourcesBuildPhase section */

/* Begin XCBuildConfiguration section */
		ADE68909302F15920025E01F /* Debug */ = {
			isa = XCBuildConfiguration;
			buildSettings = {
				ALWAYS_SEARCH_USER_PATHS = NO;
				ASSETCATALOG_COMPILER_GENERATE_SWIFT_ASSET_SYMBOL_EXTENSIONS = YES;
				CLANG_ANALYZER_NONNULL = YES;
				CLANG_ANALYZER_NUMBER_OBJECT_CONVERSION = YES_AGGRESSIVE;
				CLANG_CXX_LANGUAGE_STANDARD = "gnu++20";
				CLANG_ENABLE_MODULES = YES;
				CLANG_ENABLE_OBJC_ARC = YES;
				CLANG_ENABLE_OBJC_WEAK = YES;
				CLANG_WARN_BLOCK_CAPTURE_AUTORELEASING = YES;
				CLANG_WARN_BOOL_CONVERSION = YES;
				CLANG_WARN_COMMA = YES;
				CLANG_WARN_CONSTANT_CONVERSION = YES;
				CLANG_WARN_DEPRECATED_OBJC_IMPLEMENTATIONS = YES;
				CLANG_WARN_DIRECT_OBJC_ISA_USAGE = YES_ERROR;
				CLANG_WARN_DOCUMENTATION_COMMENTS = YES;
				CLANG_WARN_EMPTY_BODY = YES;
				CLANG_WARN_ENUM_CONVERSION = YES;
				CLANG_WARN_INFINITE_RECURSION = YES;
				CLANG_WARN_INT_CONVERSION = YES;
				CLANG_WARN_NON_LITERAL_NULL_CONVERSION = YES;
				CLANG_WARN_OBJC_IMPLICIT_RETAIN_SELF = YES;
				CLANG_WARN_OBJC_LITERAL_CONVERSION = YES;
				CLANG_WARN_OBJC_ROOT_CLASS = YES_ERROR;
				CLANG_WARN_QUOTED_INCLUDE_IN_FRAMEWORK_HEADER = YES;
				CLANG_WARN_RANGE_LOOP_ANALYSIS = YES;
				CLANG_WARN_STRICT_PROTOTYPES = YES;
				CLANG_WARN_SUSPICIOUS_MOVE = YES;
				CLANG_WARN_UNGUARDED_AVAILABILITY = YES_AGGRESSIVE;
				CLANG_WARN_UNREACHABLE_CODE = YES;
				CLANG_WARN__DUPLICATE_METHOD_MATCH = YES;
				COPY_PHASE_STRIP = NO;
				DEBUG_INFORMATION_FORMAT = dwarf;
				DEVELOPMENT_TEAM = J45USKJJU3;
				ENABLE_STRICT_OBJC_MSGSEND = YES;
				ENABLE_TESTABILITY = YES;
				ENABLE_USER_SCRIPT_SANDBOXING = NO;
				GCC_C_LANGUAGE_STANDARD = gnu17;
				GCC_DYNAMIC_NO_PIC = NO;
				GCC_NO_COMMON_BLOCKS = YES;
				GCC_OPTIMIZATION_LEVEL = 0;
				GCC_PREPROCESSOR_DEFINITIONS = (
					"DEBUG=1",
					"$(inherited)",
				);
				GCC_WARN_64_TO_32_BIT_CONVERSION = YES;
				GCC_WARN_ABOUT_RETURN_TYPE = YES_ERROR;
				GCC_WARN_UNDECLARED_SELECTOR = YES;
				GCC_WARN_UNINITIALIZED_AUTOS = YES_AGGRESSIVE;
				GCC_WARN_UNUSED_FUNCTION = YES;
				GCC_WARN_UNUSED_VARIABLE = YES;
				IPHONEOS_DEPLOYMENT_TARGET = 26.5;
				LOCALIZATION_PREFERS_STRING_CATALOGS = YES;
				MTL_ENABLE_DEBUG_INFO = INCLUDE_SOURCE;
				MTL_FAST_MATH = YES;
				ONLY_ACTIVE_ARCH = YES;
				SDKROOT = iphoneos;
				SWIFT_ACTIVE_COMPILATION_CONDITIONS = "DEBUG $(inherited)";
				SWIFT_OPTIMIZATION_LEVEL = "-Onone";
			};
			name = Debug;
		};
		ADE6890A302F15920025E01F /* Release */ = {
			isa = XCBuildConfiguration;
			buildSettings = {
				ALWAYS_SEARCH_USER_PATHS = NO;
				ASSETCATALOG_COMPILER_GENERATE_SWIFT_ASSET_SYMBOL_EXTENSIONS = YES;
				CLANG_ANALYZER_NONNULL = YES;
				CLANG_ANALYZER_NUMBER_OBJECT_CONVERSION = YES_AGGRESSIVE;
				CLANG_CXX_LANGUAGE_STANDARD = "gnu++20";
				CLANG_ENABLE_MODULES = YES;
				CLANG_ENABLE_OBJC_ARC = YES;
				CLANG_ENABLE_OBJC_WEAK = YES;
				CLANG_WARN_BLOCK_CAPTURE_AUTORELEASING = YES;
				CLANG_WARN_BOOL_CONVERSION = YES;
				CLANG_WARN_COMMA = YES;
				CLANG_WARN_CONSTANT_CONVERSION = YES;
				CLANG_WARN_DEPRECATED_OBJC_IMPLEMENTATIONS = YES;
				CLANG_WARN_DIRECT_OBJC_ISA_USAGE = YES_ERROR;
				CLANG_WARN_DOCUMENTATION_COMMENTS = YES;
				CLANG_WARN_EMPTY_BODY = YES;
				CLANG_WARN_ENUM_CONVERSION = YES;
				CLANG_WARN_INFINITE_RECURSION = YES;
				CLANG_WARN_INT_CONVERSION = YES;
				CLANG_WARN_NON_LITERAL_NULL_CONVERSION = YES;
				CLANG_WARN_OBJC_IMPLICIT_RETAIN_SELF = YES;
				CLANG_WARN_OBJC_LITERAL_CONVERSION = YES;
				CLANG_WARN_OBJC_ROOT_CLASS = YES_ERROR;
				CLANG_WARN_QUOTED_INCLUDE_IN_FRAMEWORK_HEADER = YES;
				CLANG_WARN_RANGE_LOOP_ANALYSIS = YES;
				CLANG_WARN_STRICT_PROTOTYPES = YES;
				CLANG_WARN_SUSPICIOUS_MOVE = YES;
				CLANG_WARN_UNGUARDED_AVAILABILITY = YES_AGGRESSIVE;
				CLANG_WARN_UNREACHABLE_CODE = YES;
				CLANG_WARN__DUPLICATE_METHOD_MATCH = YES;
				COPY_PHASE_STRIP = NO;
				DEBUG_INFORMATION_FORMAT = "dwarf-with-dsym";
				DEVELOPMENT_TEAM = J45USKJJU3;
				ENABLE_NS_ASSERTIONS = NO;
				ENABLE_STRICT_OBJC_MSGSEND = YES;
				ENABLE_USER_SCRIPT_SANDBOXING = NO;
				GCC_C_LANGUAGE_STANDARD = gnu17;
				GCC_NO_COMMON_BLOCKS = YES;
				GCC_WARN_64_TO_32_BIT_CONVERSION = YES;
				GCC_WARN_ABOUT_RETURN_TYPE = YES_ERROR;
				GCC_WARN_UNDECLARED_SELECTOR = YES;
				GCC_WARN_UNINITIALIZED_AUTOS = YES_AGGRESSIVE;
				GCC_WARN_UNUSED_FUNCTION = YES;
				GCC_WARN_UNUSED_VARIABLE = YES;
				IPHONEOS_DEPLOYMENT_TARGET = 26.5;
				LOCALIZATION_PREFERS_STRING_CATALOGS = YES;
				MTL_ENABLE_DEBUG_INFO = NO;
				MTL_FAST_MATH = YES;
				SDKROOT = iphoneos;
				SWIFT_COMPILATION_MODE = wholemodule;
				VALIDATE_PRODUCT = YES;
			};
			name = Release;
		};
		ADE6890C302F15920025E01F /* Debug */ = {
			isa = XCBuildConfiguration;
			buildSettings = {
				ASSETCATALOG_COMPILER_APPICON_NAME = AppIcon;
				ASSETCATALOG_COMPILER_GLOBAL_ACCENT_COLOR_NAME = AccentColor;
				CODE_SIGN_STYLE = Automatic;
				CURRENT_PROJECT_VERSION = 1;
				DEVELOPMENT_TEAM = J45USKJJU3;
				ENABLE_PREVIEWS = YES;
				GENERATE_INFOPLIST_FILE = YES;
				INFOPLIST_KEY_UIApplicationSceneManifest_Generation = YES;
				INFOPLIST_KEY_UIApplicationSupportsIndirectInputEvents = YES;
				INFOPLIST_KEY_UILaunchScreen_Generation = YES;
				INFOPLIST_KEY_UISupportedInterfaceOrientations_iPad = "UIInterfaceOrientationPortrait UIInterfaceOrientationPortraitUpsideDown UIInterfaceOrientationLandscapeLeft UIInterfaceOrientationLandscapeRight";
				INFOPLIST_KEY_UISupportedInterfaceOrientations_iPhone = "UIInterfaceOrientationPortrait UIInterfaceOrientationLandscapeLeft UIInterfaceOrientationLandscapeRight";
				LD_RUNPATH_SEARCH_PATHS = (
					"$(inherited)",
					"@executable_path/Frameworks",
				);
				MARKETING_VERSION = 1.0;
				PRODUCT_BUNDLE_IDENTIFIER = com.buigues.ortola.iosApp;
				PRODUCT_NAME = "$(TARGET_NAME)";
				STRING_CATALOG_GENERATE_SYMBOLS = YES;
				SWIFT_APPROACHABLE_CONCURRENCY = YES;
				SWIFT_DEFAULT_ACTOR_ISOLATION = MainActor;
				SWIFT_EMIT_LOC_STRINGS = YES;
				SWIFT_UPCOMING_FEATURE_MEMBER_IMPORT_VISIBILITY = YES;
				SWIFT_VERSION = 5.0;
				TARGETED_DEVICE_FAMILY = "1,2";
			};
			name = Debug;
		};
		ADE6890D302F15920025E01F /* Release */ = {
			isa = XCBuildConfiguration;
			buildSettings = {
				ASSETCATALOG_COMPILER_APPICON_NAME = AppIcon;
				ASSETCATALOG_COMPILER_GLOBAL_ACCENT_COLOR_NAME = AccentColor;
				CODE_SIGN_STYLE = Automatic;
				CURRENT_PROJECT_VERSION = 1;
				DEVELOPMENT_TEAM = J45USKJJU3;
				ENABLE_PREVIEWS = YES;
				GENERATE_INFOPLIST_FILE = YES;
				INFOPLIST_KEY_UIApplicationSceneManifest_Generation = YES;
				INFOPLIST_KEY_UIApplicationSupportsIndirectInputEvents = YES;
				INFOPLIST_KEY_UILaunchScreen_Generation = YES;
				INFOPLIST_KEY_UISupportedInterfaceOrientations_iPad = "UIInterfaceOrientationPortrait UIInterfaceOrientationPortraitUpsideDown UIInterfaceOrientationLandscapeLeft UIInterfaceOrientationLandscapeRight";
				INFOPLIST_KEY_UISupportedInterfaceOrientations_iPhone = "UIInterfaceOrientationPortrait UIInterfaceOrientationLandscapeLeft UIInterfaceOrientationLandscapeRight";
				LD_RUNPATH_SEARCH_PATHS = (
					"$(inherited)",
					"@executable_path/Frameworks",
				);
				MARKETING_VERSION = 1.0;
				PRODUCT_BUNDLE_IDENTIFIER = com.buigues.ortola.iosApp;
				PRODUCT_NAME = "$(TARGET_NAME)";
				STRING_CATALOG_GENERATE_SYMBOLS = YES;
				SWIFT_APPROACHABLE_CONCURRENCY = YES;
				SWIFT_DEFAULT_ACTOR_ISOLATION = MainActor;
				SWIFT_EMIT_LOC_STRINGS = YES;
				SWIFT_UPCOMING_FEATURE_MEMBER_IMPORT_VISIBILITY = YES;
				SWIFT_VERSION = 5.0;
				TARGETED_DEVICE_FAMILY = "1,2";
			};
			name = Release;
		};
/* End XCBuildConfiguration section */

/* Begin XCConfigurationList section */
		ADE688FB302F15910025E01F /* Build configuration list for PBXProject "iosApp" */ = {
			isa = XCConfigurationList;
			buildConfigurations = (
				ADE68909302F15920025E01F /* Debug */,
				ADE6890A302F15920025E01F /* Release */,
			);
			defaultConfigurationIsVisible = 0;
			defaultConfigurationName = Release;
		};
		ADE6890B302F15920025E01F /* Build configuration list for PBXNativeTarget "iosApp" */ = {
			isa = XCConfigurationList;
			buildConfigurations = (
				ADE6890C302F15920025E01F /* Debug */,
				ADE6890D302F15920025E01F /* Release */,
			);
			defaultConfigurationIsVisible = 0;
			defaultConfigurationName = Release;
		};
/* End XCConfigurationList section */
	};
	rootObject = ADE688F8302F15910025E01F /* Project object */;
}
